
Microsoft Visual Studio Solution File, Format Version 12.00
# Visual Studio 14
VisualStudioVersion = 14.0.23107.0
MinimumVisualStudioVersion = 10.0.40219.1
Project("{FAE04EC0-301F-11D3-BF4B-00C04F79EFBC}") = "Zavetisce", "Zavetisce\Zavetisce.csproj", "{B7345CDE-980E-4619-91F9-1982AC741442}"
EndProject
Project("{54435603-DBB4-11D2-8724-00A0C9A8B90C}") = "Setup", "Setup\Setup.vdproj", "{6F157183-BE34-426C-9EC2-7F23847D8954}"
EndProject
Global
	GlobalSection(SolutionConfigurationPlatforms) = preSolution
		Debug|Any CPU = Debug|Any CPU
		Release|Any CPU = Release|Any CPU
	EndGlobalSection
	GlobalSection(ProjectConfigurationPlatforms) = postSolution
		{B7345CDE-980E-4619-91F9-1982AC741442}.Debug|Any CPU.ActiveCfg = Debug|Any CPU
		{B7345CDE-980E-4619-91F9-1982AC741442}.Debug|Any CPU.Build.0 = Debug|Any CPU
		{B7345CDE-980E-4619-91F9-1982AC741442}.Release|Any CPU.ActiveCfg = Release|Any CPU
		{B7345CDE-980E-4619-91F9-1982AC741442}.Release|Any CPU.Build.0 = Release|Any CPU
		{6F157183-BE34-426C-9EC2-7F23847D8954}.Debug|Any CPU.ActiveCfg = Debug
		{6F157183-BE34-426C-9EC2-7F23847D8954}.Release|Any CPU.ActiveCfg = Release
	EndGlobalSection
	GlobalSection(SolutionProperties) = preSolution
		HideSolutionNode = FALSE
	EndGlobalSection
EndGlobal
